version: v2
locks:
  f/lumenclip/linkedin_generation__flow+__flow_hash: 44136fa355b3678a1146ad16f7e8649e94fb4fc21fe77e8310c060f61caaff8a
  f/lumenclip/slideshow_generation__flow+__flow_hash: 44136fa355b3678a1146ad16f7e8649e94fb4fc21fe77e8310c060f61caaff8a
  f/lumenclip/ugc_video_generation__flow+__flow_hash: 44136fa355b3678a1146ad16f7e8649e94fb4fc21fe77e8310c060f61caaff8a
  f/lumenclip/workflow_stage_runtime: b783eb1ddc053627b801ba67bb4f039fd8173a536cfb2989bb325caa546d8ad8
  f/lumenclip/x_threads_generation__flow+__flow_hash: 44136fa355b3678a1146ad16f7e8649e94fb4fc21fe77e8310c060f61caaff8a
