version: v2
locks:
  f/lumenclip/linkedin_generation__flow+__flow_hash: 44136fa355b3678a1146ad16f7e8649e94fb4fc21fe77e8310c060f61caaff8a
  f/lumenclip/slideshow_generation__flow+__flow_hash: 44136fa355b3678a1146ad16f7e8649e94fb4fc21fe77e8310c060f61caaff8a
  f/lumenclip/ugc_video_generation__flow+__flow_hash: 44136fa355b3678a1146ad16f7e8649e94fb4fc21fe77e8310c060f61caaff8a
  f/lumenclip/workflow_stage_runtime: 337f0d4309d148534a99aa97599c286c4611a2ba95e7e40b6f734f233850e00d
  f/lumenclip/x_threads_generation__flow+__flow_hash: 44136fa355b3678a1146ad16f7e8649e94fb4fc21fe77e8310c060f61caaff8a
