version: v2
locks:
  f/lumenclip/linkedin_generation__flow+__flow_hash: 44136fa355b3678a1146ad16f7e8649e94fb4fc21fe77e8310c060f61caaff8a
  f/lumenclip/run_pipeline_stage: 49c4c220e10a0985e90d410b8e44c47d338b1de2ed36b80eca2d07b6d69b88a6
  f/lumenclip/slideshow_generation__flow+__flow_hash: 44136fa355b3678a1146ad16f7e8649e94fb4fc21fe77e8310c060f61caaff8a
  f/lumenclip/ugc_video_generation__flow+__flow_hash: 44136fa355b3678a1146ad16f7e8649e94fb4fc21fe77e8310c060f61caaff8a
  f/lumenclip/x_threads_generation__flow+__flow_hash: 44136fa355b3678a1146ad16f7e8649e94fb4fc21fe77e8310c060f61caaff8a
