{
  "dependencies": {
    "windmill-client": "latest"
  }
}
//bun.lock
{
  "lockfileVersion": 1,
  "configVersion": 1,
  "workspaces": {
    "": {
      "dependencies": {
        "windmill-client": "latest",
      },
    },
  },
  "packages": {
    "windmill-client": ["windmill-client@1.783.0", "", {}, "sha512-SOwY/EN8IZDl2kE3BzIcNMzlA7rvMyh1TSgL4+UD6pSbYqTIvWRWrDhwDzP5pi3UJl0S43Xkx/pmNFo8KS1/GQ=="],
  }
}
